
Microsoft Visual Studio Solution File, Format Version 10.00
# Visual C++ Express 2008
Project("{8BC9CEB8-8B4A-11D0-8D11-00A0C91BC942}") = "GRRNanny", "GRRNanny.vcproj", "{4518496B-7855-4ABE-B641-167FBDAC6531}"
EndProject
Global
	GlobalSection(SolutionConfigurationPlatforms) = preSolution
		Release|Win32 = Release|Win32
	EndGlobalSection
	GlobalSection(ProjectConfigurationPlatforms) = postSolution
		{4518496B-7855-4ABE-B641-167FBDAC6531}.Release|Win32.ActiveCfg = Release|Win32
		{4518496B-7855-4ABE-B641-167FBDAC6531}.Release|Win32.Build.0 = Release|Win32
	EndGlobalSection
	GlobalSection(SolutionProperties) = preSolution
		HideSolutionNode = FALSE
	EndGlobalSection
EndGlobal
